// !$*UTF8*$!
{
	archiveVersion = 1;
	classes = {
	};
	objectVersion = 56;
	objects = {

/* Begin PBXBuildFile section */
		4C05DE6C2984D455001735B5 /* UserContact.swift in Sources */ = {isa = PBXBuildFile; fileRef = 4C05DE6B2984D455001735B5 /* UserContact.swift */; };
		4C05DE702984D786001735B5 /* API.swift in Sources */ = {isa = PBXBuildFile; fileRef = 4C05DE6F2984D786001735B5 /* API.swift */; };
		4C05DE722984E2CB001735B5 /* UserContactTableViewCell.swift in Sources */ = {isa = PBXBuildFile; fileRef = 4C05DE712984E2CB001735B5 /* UserContactTableViewCell.swift */; };
		4C05DE7729876DE1001735B5 /* Styles.swift in Sources */ = {isa = PBXBuildFile; fileRef = 4C05DE7629876DE1001735B5 /* Styles.swift */; };
		4CD2A17629835D4200898EF4 /* AppDelegate.swift in Sources */ = {isa = PBXBuildFile; fileRef = 4CD2A17529835D4200898EF4 /* AppDelegate.swift */; };
		4CD2A17829835D4200898EF4 /* SceneDelegate.swift in Sources */ = {isa = PBXBuildFile; fileRef = 4CD2A17729835D4200898EF4 /* SceneDelegate.swift */; };
		4CD2A17D29835D4200898EF4 /* Main.storyboard in Resources */ = {isa = PBXBuildFile; fileRef = 4CD2A17B29835D4200898EF4 /* Main.storyboard */; };
		4CD2A17F29835D4400898EF4 /* Assets.xcassets in Resources */ = {isa = PBXBuildFile; fileRef = 4CD2A17E29835D4400898EF4 /* Assets.xcassets */; };
		4CD2A18229835D4400898EF4 /* LaunchScreen.storyboard in Resources */ = {isa = PBXBuildFile; fileRef = 4CD2A18029835D4400898EF4 /* LaunchScreen.storyboard */; };
		4CD2A18D29835D4400898EF4 /* CredlyDeveloperChallengeTests.swift in Sources */ = {isa = PBXBuildFile; fileRef = 4CD2A18C29835D4400898EF4 /* CredlyDeveloperChallengeTests.swift */; };
		4CD2A19729835D4400898EF4 /* CredlyDeveloperChallengeUITests.swift in Sources */ = {isa = PBXBuildFile; fileRef = 4CD2A19629835D4400898EF4 /* CredlyDeveloperChallengeUITests.swift */; };
		4CD2A19929835D4400898EF4 /* CredlyDeveloperChallengeUITestsLaunchTests.swift in Sources */ = {isa = PBXBuildFile; fileRef = 4CD2A19829835D4400898EF4 /* CredlyDeveloperChallengeUITestsLaunchTests.swift */; };
		4CD2A1A629835EF100898EF4 /* ContactsTableViewController.swift in Sources */ = {isa = PBXBuildFile; fileRef = 4CD2A1A529835EF100898EF4 /* ContactsTableViewController.swift */; };
		531B9A9467DCE09DE1CFC5DB /* Pods_CredlyDeveloperChallenge_CredlyDeveloperChallengeUITests.framework in Frameworks */ = {isa = PBXBuildFile; fileRef = 92AB0063B6E65F9EE97EA9CE /* Pods_CredlyDeveloperChallenge_CredlyDeveloperChallengeUITests.framework */; };
		BD1F4E1FF928C44D198257D1 /* Pods_CredlyDeveloperChallengeTests.framework in Frameworks */ = {isa = PBXBuildFile; fileRef = D556981069A2B2563F201348 /* Pods_CredlyDeveloperChallengeTests.framework */; };
		CB9D41ADA1E83D272C8649CB /* Pods_CredlyDeveloperChallenge.framework in Frameworks */ = {isa = PBXBuildFile; fileRef = A8CEDBE089477B85C3D7C2DC /* Pods_CredlyDeveloperChallenge.framework */; };
/* End PBXBuildFile section */

/* Begin PBXContainerItemProxy section */
		4CD2A18929835D4400898EF4 /* PBXContainerItemProxy */ = {
			isa = PBXContainerItemProxy;
			containerPortal = 4CD2A16A29835D4200898EF4 /* Project object */;
			proxyType = 1;
			remoteGlobalIDString = 4CD2A17129835D4200898EF4;
			remoteInfo = CredlyDeveloperChallenge;
		};
		4CD2A19329835D4400898EF4 /* PBXContainerItemProxy */ = {
			isa = PBXContainerItemProxy;
			containerPortal = 4CD2A16A29835D4200898EF4 /* Project object */;
			proxyType = 1;
			remoteGlobalIDString = 4CD2A17129835D4200898EF4;
			remoteInfo = CredlyDeveloperChallenge;
		};
/* End PBXContainerItemProxy section */

/* Begin PBXFileReference section */
		038BEB7C46201A1B9CA40A1C /* Pods-CredlyDeveloperChallenge.release.xcconfig */ = {isa = PBXFileReference; includeInIndex = 1; lastKnownFileType = text.xcconfig; name = "Pods-CredlyDeveloperChallenge.release.xcconfig"; path = "Target Support Files/Pods-CredlyDeveloperChallenge/Pods-CredlyDeveloperChallenge.release.xcconfig"; sourceTree = "<group>"; };
		0D38BC4D4983FA1B417D82B4 /* Pods-CredlyDeveloperChallenge-CredlyDeveloperChallengeUITests.release.xcconfig */ = {isa = PBXFileReference; includeInIndex = 1; lastKnownFileType = text.xcconfig; name = "Pods-CredlyDeveloperChallenge-CredlyDeveloperChallengeUITests.release.xcconfig"; path = "Target Support Files/Pods-CredlyDeveloperChallenge-CredlyDeveloperChallengeUITests/Pods-CredlyDeveloperChallenge-CredlyDeveloperChallengeUITests.release.xcconfig"; sourceTree = "<group>"; };
		4C05DE6B2984D455001735B5 /* UserContact.swift */ = {isa = PBXFileReference; lastKnownFileType = sourcecode.swift; path = UserContact.swift; sourceTree = "<group>"; };
		4C05DE6F2984D786001735B5 /* API.swift */ = {isa = PBXFileReference; lastKnownFileType = sourcecode.swift; path = API.swift; sourceTree = "<group>"; };
		4C05DE712984E2CB001735B5 /* UserContactTableViewCell.swift */ = {isa = PBXFileReference; lastKnownFileType = sourcecode.swift; path = UserContactTableViewCell.swift; sourceTree = "<group>"; };
		4C05DE7629876DE1001735B5 /* Styles.swift */ = {isa = PBXFileReference; lastKnownFileType = sourcecode.swift; path = Styles.swift; sourceTree = "<group>"; };
		4CD2A17229835D4200898EF4 /* CredlyDeveloperChallenge.app */ = {isa = PBXFileReference; explicitFileType = wrapper.application; includeInIndex = 0; path = CredlyDeveloperChallenge.app; sourceTree = BUILT_PRODUCTS_DIR; };
		4CD2A17529835D4200898EF4 /* AppDelegate.swift */ = {isa = PBXFileReference; lastKnownFileType = sourcecode.swift; path = AppDelegate.swift; sourceTree = "<group>"; };
		4CD2A17729835D4200898EF4 /* SceneDelegate.swift */ = {isa = PBXFileReference; lastKnownFileType = sourcecode.swift; path = SceneDelegate.swift; sourceTree = "<group>"; };
		4CD2A17C29835D4200898EF4 /* Base */ = {isa = PBXFileReference; lastKnownFileType = file.storyboard; name = Base; path = Base.lproj/Main.storyboard; sourceTree = "<group>"; };
		4CD2A17E29835D4400898EF4 /* Assets.xcassets */ = {isa = PBXFileReference; lastKnownFileType = folder.assetcatalog; path = Assets.xcassets; sourceTree = "<group>"; };
		4CD2A18129835D4400898EF4 /* Base */ = {isa = PBXFileReference; lastKnownFileType = file.storyboard; name = Base; path = Base.lproj/LaunchScreen.storyboard; sourceTree = "<group>"; };
		4CD2A18329835D4400898EF4 /* Info.plist */ = {isa = PBXFileReference; lastKnownFileType = text.plist.xml; path = Info.plist; sourceTree = "<group>"; };
		4CD2A18829835D4400898EF4 /* CredlyDeveloperChallengeTests.xctest */ = {isa = PBXFileReference; explicitFileType = wrapper.cfbundle; includeInIndex = 0; path = CredlyDeveloperChallengeTests.xctest; sourceTree = BUILT_PRODUCTS_DIR; };
		4CD2A18C29835D4400898EF4 /* CredlyDeveloperChallengeTests.swift */ = {isa = PBXFileReference; lastKnownFileType = sourcecode.swift; path = CredlyDeveloperChallengeTests.swift; sourceTree = "<group>"; };
		4CD2A19229835D4400898EF4 /* CredlyDeveloperChallengeUITests.xctest */ = {isa = PBXFileReference; explicitFileType = wrapper.cfbundle; includeInIndex = 0; path = CredlyDeveloperChallengeUITests.xctest; sourceTree = BUILT_PRODUCTS_DIR; };
		4CD2A19629835D4400898EF4 /* CredlyDeveloperChallengeUITests.swift */ = {isa = PBXFileReference; lastKnownFileType = sourcecode.swift; path = CredlyDeveloperChallengeUITests.swift; sourceTree = "<group>"; };
		4CD2A19829835D4400898EF4 /* CredlyDeveloperChallengeUITestsLaunchTests.swift */ = {isa = PBXFileReference; lastKnownFileType = sourcecode.swift; path = CredlyDeveloperChallengeUITestsLaunchTests.swift; sourceTree = "<group>"; };
		4CD2A1A529835EF100898EF4 /* ContactsTableViewController.swift */ = {isa = PBXFileReference; lastKnownFileType = sourcecode.swift; path = ContactsTableViewController.swift; sourceTree = "<group>"; };
		92053BA1580D72FC98FDC2A9 /* Pods-CredlyDeveloperChallenge-CredlyDeveloperChallengeUITests.debug.xcconfig */ = {isa = PBXFileReference; includeInIndex = 1; lastKnownFileType = text.xcconfig; name = "Pods-CredlyDeveloperChallenge-CredlyDeveloperChallengeUITests.debug.xcconfig"; path = "Target Support Files/Pods-CredlyDeveloperChallenge-CredlyDeveloperChallengeUITests/Pods-CredlyDeveloperChallenge-CredlyDeveloperChallengeUITests.debug.xcconfig"; sourceTree = "<group>"; };
		92AB0063B6E65F9EE97EA9CE /* Pods_CredlyDeveloperChallenge_CredlyDeveloperChallengeUITests.framework */ = {isa = PBXFileReference; explicitFileType = wrapper.framework; includeInIndex = 0; path = Pods_CredlyDeveloperChallenge_CredlyDeveloperChallengeUITests.framework; sourceTree = BUILT_PRODUCTS_DIR; };
		993A577C78ECC2289FB5C112 /* Pods-CredlyDeveloperChallengeTests.release.xcconfig */ = {isa = PBXFileReference; includeInIndex = 1; lastKnownFileType = text.xcconfig; name = "Pods-CredlyDeveloperChallengeTests.release.xcconfig"; path = "Target Support Files/Pods-CredlyDeveloperChallengeTests/Pods-CredlyDeveloperChallengeTests.release.xcconfig"; sourceTree = "<group>"; };
		A8CEDBE089477B85C3D7C2DC /* Pods_CredlyDeveloperChallenge.framework */ = {isa = PBXFileReference; explicitFileType = wrapper.framework; includeInIndex = 0; path = Pods_CredlyDeveloperChallenge.framework; sourceTree = BUILT_PRODUCTS_DIR; };
		C66C93896852111BAACF791E /* Pods-CredlyDeveloperChallengeTests.debug.xcconfig */ = {isa = PBXFileReference; includeInIndex = 1; lastKnownFileType = text.xcconfig; name = "Pods-CredlyDeveloperChallengeTests.debug.xcconfig"; path = "Target Support Files/Pods-CredlyDeveloperChallengeTests/Pods-CredlyDeveloperChallengeTests.debug.xcconfig"; sourceTree = "<group>"; };
		C72A1F88550A581278DCFBCD /* Pods-CredlyDeveloperChallenge.debug.xcconfig */ = {isa = PBXFileReference; includeInIndex = 1; lastKnownFileType = text.xcconfig; name = "Pods-CredlyDeveloperChallenge.debug.xcconfig"; path = "Target Support Files/Pods-CredlyDeveloperChallenge/Pods-CredlyDeveloperChallenge.debug.xcconfig"; sourceTree = "<group>"; };
		D556981069A2B2563F201348 /* Pods_CredlyDeveloperChallengeTests.framework */ = {isa = PBXFileReference; explicitFileType = wrapper.framework; includeInIndex = 0; path = Pods_CredlyDeveloperChallengeTests.framework; sourceTree = BUILT_PRODUCTS_DIR; };
/* End PBXFileReference section */

/* Begin PBXFrameworksBuildPhase section */
		4CD2A16F29835D4200898EF4 /* Frameworks */ = {
			isa = PBXFrameworksBuildPhase;
			buildActionMask = 2147483647;
			files = (
				CB9D41ADA1E83D272C8649CB /* Pods_CredlyDeveloperChallenge.framework in Frameworks */,
			);
			runOnlyForDeploymentPostprocessing = 0;
		};
		4CD2A18529835D4400898EF4 /* Frameworks */ = {
			isa = PBXFrameworksBuildPhase;
			buildActionMask = 2147483647;
			files = (
				BD1F4E1FF928C44D198257D1 /* Pods_CredlyDeveloperChallengeTests.framework in Frameworks */,
			);
			runOnlyForDeploymentPostprocessing = 0;
		};
		4CD2A18F29835D4400898EF4 /* Frameworks */ = {
			isa = PBXFrameworksBuildPhase;
			buildActionMask = 2147483647;
			files = (
				531B9A9467DCE09DE1CFC5DB /* Pods_CredlyDeveloperChallenge_CredlyDeveloperChallengeUITests.framework in Frameworks */,
			);
			runOnlyForDeploymentPostprocessing = 0;
		};
/* End PBXFrameworksBuildPhase section */

/* Begin PBXGroup section */
		4C05DE6D2984D74A001735B5 /* AppGlobal */ = {
			isa = PBXGroup;
			children = (
				4CD2A17529835D4200898EF4 /* AppDelegate.swift */,
				4CD2A17729835D4200898EF4 /* SceneDelegate.swift */,
				4CD2A17B29835D4200898EF4 /* Main.storyboard */,
				4CD2A18029835D4400898EF4 /* LaunchScreen.storyboard */,
				4CD2A17E29835D4400898EF4 /* Assets.xcassets */,
				4C05DE7629876DE1001735B5 /* Styles.swift */,
			);
			path = AppGlobal;
			sourceTree = "<group>";
		};
		4C05DE6E2984D771001735B5 /* Models */ = {
			isa = PBXGroup;
			children = (
				4C05DE6B2984D455001735B5 /* UserContact.swift */,
			);
			path = Models;
			sourceTree = "<group>";
		};
		4C05DE7329876D1A001735B5 /* Networking */ = {
			isa = PBXGroup;
			children = (
				4C05DE6F2984D786001735B5 /* API.swift */,
			);
			path = Networking;
			sourceTree = "<group>";
		};
		4C05DE7429876D2C001735B5 /* Features */ = {
			isa = PBXGroup;
			children = (
				4C05DE7529876D43001735B5 /* ContactsList */,
			);
			path = Features;
			sourceTree = "<group>";
		};
		4C05DE7529876D43001735B5 /* ContactsList */ = {
			isa = PBXGroup;
			children = (
				4CD2A1A529835EF100898EF4 /* ContactsTableViewController.swift */,
				4C05DE712984E2CB001735B5 /* UserContactTableViewCell.swift */,
			);
			path = ContactsList;
			sourceTree = "<group>";
		};
		4CD2A16929835D4200898EF4 = {
			isa = PBXGroup;
			children = (
				4CD2A17429835D4200898EF4 /* CredlyDeveloperChallenge */,
				4CD2A18B29835D4400898EF4 /* CredlyDeveloperChallengeTests */,
				4CD2A19529835D4400898EF4 /* CredlyDeveloperChallengeUITests */,
				4CD2A17329835D4200898EF4 /* Products */,
				61836966D02D534FFB547F61 /* Pods */,
				AC6E07FCA361B2AA74331C39 /* Frameworks */,
			);
			sourceTree = "<group>";
		};
		4CD2A17329835D4200898EF4 /* Products */ = {
			isa = PBXGroup;
			children = (
				4CD2A17229835D4200898EF4 /* CredlyDeveloperChallenge.app */,
				4CD2A18829835D4400898EF4 /* CredlyDeveloperChallengeTests.xctest */,
				4CD2A19229835D4400898EF4 /* CredlyDeveloperChallengeUITests.xctest */,
			);
			name = Products;
			sourceTree = "<group>";
		};
		4CD2A17429835D4200898EF4 /* CredlyDeveloperChallenge */ = {
			isa = PBXGroup;
			children = (
				4CD2A18329835D4400898EF4 /* Info.plist */,
				4C05DE6D2984D74A001735B5 /* AppGlobal */,
				4C05DE7429876D2C001735B5 /* Features */,
				4C05DE6E2984D771001735B5 /* Models */,
				4C05DE7329876D1A001735B5 /* Networking */,
			);
			path = CredlyDeveloperChallenge;
			sourceTree = "<group>";
		};
		4CD2A18B29835D4400898EF4 /* CredlyDeveloperChallengeTests */ = {
			isa = PBXGroup;
			children = (
				4CD2A18C29835D4400898EF4 /* CredlyDeveloperChallengeTests.swift */,
			);
			path = CredlyDeveloperChallengeTests;
			sourceTree = "<group>";
		};
		4CD2A19529835D4400898EF4 /* CredlyDeveloperChallengeUITests */ = {
			isa = PBXGroup;
			children = (
				4CD2A19629835D4400898EF4 /* CredlyDeveloperChallengeUITests.swift */,
				4CD2A19829835D4400898EF4 /* CredlyDeveloperChallengeUITestsLaunchTests.swift */,
			);
			path = CredlyDeveloperChallengeUITests;
			sourceTree = "<group>";
		};
		61836966D02D534FFB547F61 /* Pods */ = {
			isa = PBXGroup;
			children = (
				C72A1F88550A581278DCFBCD /* Pods-CredlyDeveloperChallenge.debug.xcconfig */,
				038BEB7C46201A1B9CA40A1C /* Pods-CredlyDeveloperChallenge.release.xcconfig */,
				92053BA1580D72FC98FDC2A9 /* Pods-CredlyDeveloperChallenge-CredlyDeveloperChallengeUITests.debug.xcconfig */,
				0D38BC4D4983FA1B417D82B4 /* Pods-CredlyDeveloperChallenge-CredlyDeveloperChallengeUITests.release.xcconfig */,
				C66C93896852111BAACF791E /* Pods-CredlyDeveloperChallengeTests.debug.xcconfig */,
				993A577C78ECC2289FB5C112 /* Pods-CredlyDeveloperChallengeTests.release.xcconfig */,
			);
			path = Pods;
			sourceTree = "<group>";
		};
		AC6E07FCA361B2AA74331C39 /* Frameworks */ = {
			isa = PBXGroup;
			children = (
				A8CEDBE089477B85C3D7C2DC /* Pods_CredlyDeveloperChallenge.framework */,
				92AB0063B6E65F9EE97EA9CE /* Pods_CredlyDeveloperChallenge_CredlyDeveloperChallengeUITests.framework */,
				D556981069A2B2563F201348 /* Pods_CredlyDeveloperChallengeTests.framework */,
			);
			name = Frameworks;
			sourceTree = "<group>";
		};
/* End PBXGroup section */

/* Begin PBXNativeTarget section */
		4CD2A17129835D4200898EF4 /* CredlyDeveloperChallenge */ = {
			isa = PBXNativeTarget;
			buildConfigurationList = 4CD2A19C29835D4400898EF4 /* Build configuration list for PBXNativeTarget "CredlyDeveloperChallenge" */;
			buildPhases = (
				873A577043B183721F77C443 /* [CP] Check Pods Manifest.lock */,
				4CD2A16E29835D4200898EF4 /* Sources */,
				4CD2A16F29835D4200898EF4 /* Frameworks */,
				4CD2A17029835D4200898EF4 /* Resources */,
				6F2FB3D4B5DB19C2441FC027 /* [CP] Embed Pods Frameworks */,
			);
			buildRules = (
			);
			dependencies = (
			);
			name = CredlyDeveloperChallenge;
			productName = CredlyDeveloperChallenge;
			productReference = 4CD2A17229835D4200898EF4 /* CredlyDeveloperChallenge.app */;
			productType = "com.apple.product-type.application";
		};
		4CD2A18729835D4400898EF4 /* CredlyDeveloperChallengeTests */ = {
			isa = PBXNativeTarget;
			buildConfigurationList = 4CD2A19F29835D4400898EF4 /* Build configuration list for PBXNativeTarget "CredlyDeveloperChallengeTests" */;
			buildPhases = (
				C2EE7ABA0A5A33D35FA80E51 /* [CP] Check Pods Manifest.lock */,
				4CD2A18429835D4400898EF4 /* Sources */,
				4CD2A18529835D4400898EF4 /* Frameworks */,
				4CD2A18629835D4400898EF4 /* Resources */,
			);
			buildRules = (
			);
			dependencies = (
				4CD2A18A29835D4400898EF4 /* PBXTargetDependency */,
			);
			name = CredlyDeveloperChallengeTests;
			productName = CredlyDeveloperChallengeTests;
			productReference = 4CD2A18829835D4400898EF4 /* CredlyDeveloperChallengeTests.xctest */;
			productType = "com.apple.product-type.bundle.unit-test";
		};
		4CD2A19129835D4400898EF4 /* CredlyDeveloperChallengeUITests */ = {
			isa = PBXNativeTarget;
			buildConfigurationList = 4CD2A1A229835D4400898EF4 /* Build configuration list for PBXNativeTarget "CredlyDeveloperChallengeUITests" */;
			buildPhases = (
				75C7599DBA73F1269E0AE77B /* [CP] Check Pods Manifest.lock */,
				4CD2A18E29835D4400898EF4 /* Sources */,
				4CD2A18F29835D4400898EF4 /* Frameworks */,
				4CD2A19029835D4400898EF4 /* Resources */,
				5414ABD6120B629848C403F8 /* [CP] Embed Pods Frameworks */,
			);
			buildRules = (
			);
			dependencies = (
				4CD2A19429835D4400898EF4 /* PBXTargetDependency */,
			);
			name = CredlyDeveloperChallengeUITests;
			productName = CredlyDeveloperChallengeUITests;
			productReference = 4CD2A19229835D4400898EF4 /* CredlyDeveloperChallengeUITests.xctest */;
			productType = "com.apple.product-type.bundle.ui-testing";
		};
/* End PBXNativeTarget section */

/* Begin PBXProject section */
		4CD2A16A29835D4200898EF4 /* Project object */ = {
			isa = PBXProject;
			attributes = {
				BuildIndependentTargetsInParallel = 1;
				LastSwiftUpdateCheck = 1420;
				LastUpgradeCheck = 1420;
				TargetAttributes = {
					4CD2A17129835D4200898EF4 = {
						CreatedOnToolsVersion = 14.2;
					};
					4CD2A18729835D4400898EF4 = {
						CreatedOnToolsVersion = 14.2;
						TestTargetID = 4CD2A17129835D4200898EF4;
					};
					4CD2A19129835D4400898EF4 = {
						CreatedOnToolsVersion = 14.2;
						TestTargetID = 4CD2A17129835D4200898EF4;
					};
				};
			};
			buildConfigurationList = 4CD2A16D29835D4200898EF4 /* Build configuration list for PBXProject "CredlyDeveloperChallenge" */;
			compatibilityVersion = "Xcode 14.0";
			developmentRegion = en;
			hasScannedForEncodings = 0;
			knownRegions = (
				en,
				Base,
			);
			mainGroup = 4CD2A16929835D4200898EF4;
			productRefGroup = 4CD2A17329835D4200898EF4 /* Products */;
			projectDirPath = "";
			projectRoot = "";
			targets = (
				4CD2A17129835D4200898EF4 /* CredlyDeveloperChallenge */,
				4CD2A18729835D4400898EF4 /* CredlyDeveloperChallengeTests */,
				4CD2A19129835D4400898EF4 /* CredlyDeveloperChallengeUITests */,
			);
		};
/* End PBXProject section */

/* Begin PBXResourcesBuildPhase section */
		4CD2A17029835D4200898EF4 /* Resources */ = {
			isa = PBXResourcesBuildPhase;
			buildActionMask = 2147483647;
			files = (
				4CD2A18229835D4400898EF4 /* LaunchScreen.storyboard in Resources */,
				4CD2A17F29835D4400898EF4 /* Assets.xcassets in Resources */,
				4CD2A17D29835D4200898EF4 /* Main.storyboard in Resources */,
			);
			runOnlyForDeploymentPostprocessing = 0;
		};
		4CD2A18629835D4400898EF4 /* Resources */ = {
			isa = PBXResourcesBuildPhase;
			buildActionMask = 2147483647;
			files = (
			);
			runOnlyForDeploymentPostprocessing = 0;
		};
		4CD2A19029835D4400898EF4 /* Resources */ = {
			isa = PBXResourcesBuildPhase;
			buildActionMask = 2147483647;
			files = (
			);
			runOnlyForDeploymentPostprocessing = 0;
		};
/* End PBXResourcesBuildPhase section */

/* Begin PBXShellScriptBuildPhase section */
		5414ABD6120B629848C403F8 /* [CP] Embed Pods Frameworks */ = {
			isa = PBXShellScriptBuildPhase;
			buildActionMask = 2147483647;
			files = (
			);
			inputFileListPaths = (
				"${PODS_ROOT}/Target Support Files/Pods-CredlyDeveloperChallenge-CredlyDeveloperChallengeUITests/Pods-CredlyDeveloperChallenge-CredlyDeveloperChallengeUITests-frameworks-${CONFIGURATION}-input-files.xcfilelist",
			);
			name = "[CP] Embed Pods Frameworks";
			outputFileListPaths = (
				"${PODS_ROOT}/Target Support Files/Pods-CredlyDeveloperChallenge-CredlyDeveloperChallengeUITests/Pods-CredlyDeveloperChallenge-CredlyDeveloperChallengeUITests-frameworks-${CONFIGURATION}-output-files.xcfilelist",
			);
			runOnlyForDeploymentPostprocessing = 0;
			shellPath = /bin/sh;
			shellScript = "\"${PODS_ROOT}/Target Support Files/Pods-CredlyDeveloperChallenge-CredlyDeveloperChallengeUITests/Pods-CredlyDeveloperChallenge-CredlyDeveloperChallengeUITests-frameworks.sh\"\n";
			showEnvVarsInLog = 0;
		};
		6F2FB3D4B5DB19C2441FC027 /* [CP] Embed Pods Frameworks */ = {
			isa = PBXShellScriptBuildPhase;
			buildActionMask = 2147483647;
			files = (
			);
			inputFileListPaths = (
				"${PODS_ROOT}/Target Support Files/Pods-CredlyDeveloperChallenge/Pods-CredlyDeveloperChallenge-frameworks-${CONFIGURATION}-input-files.xcfilelist",
			);
			name = "[CP] Embed Pods Frameworks";
			outputFileListPaths = (
				"${PODS_ROOT}/Target Support Files/Pods-CredlyDeveloperChallenge/Pods-CredlyDeveloperChallenge-frameworks-${CONFIGURATION}-output-files.xcfilelist",
			);
			runOnlyForDeploymentPostprocessing = 0;
			shellPath = /bin/sh;
			shellScript = "\"${PODS_ROOT}/Target Support Files/Pods-CredlyDeveloperChallenge/Pods-CredlyDeveloperChallenge-frameworks.sh\"\n";
			showEnvVarsInLog = 0;
		};
		75C7599DBA73F1269E0AE77B /* [CP] Check Pods Manifest.lock */ = {
			isa = PBXShellScriptBuildPhase;
			buildActionMask = 2147483647;
			files = (
			);
			inputFileListPaths = (
			);
			inputPaths = (
				"${PODS_PODFILE_DIR_PATH}/Podfile.lock",
				"${PODS_ROOT}/Manifest.lock",
			);
			name = "[CP] Check Pods Manifest.lock";
			outputFileListPaths = (
			);
			outputPaths = (
				"$(DERIVED_FILE_DIR)/Pods-CredlyDeveloperChallenge-CredlyDeveloperChallengeUITests-checkManifestLockResult.txt",
			);
			runOnlyForDeploymentPostprocessing = 0;
			shellPath = /bin/sh;
			shellScript = "diff \"${PODS_PODFILE_DIR_PATH}/Podfile.lock\" \"${PODS_ROOT}/Manifest.lock\" > /dev/null\nif [ $? != 0 ] ; then\n    # print error to STDERR\n    echo \"error: The sandbox is not in sync with the Podfile.lock. Run 'pod install' or update your CocoaPods installation.\" >&2\n    exit 1\nfi\n# This output is used by Xcode 'outputs' to avoid re-running this script phase.\necho \"SUCCESS\" > \"${SCRIPT_OUTPUT_FILE_0}\"\n";
			showEnvVarsInLog = 0;
		};
		873A577043B183721F77C443 /* [CP] Check Pods Manifest.lock */ = {
			isa = PBXShellScriptBuildPhase;
			buildActionMask = 2147483647;
			files = (
			);
			inputFileListPaths = (
			);
			inputPaths = (
				"${PODS_PODFILE_DIR_PATH}/Podfile.lock",
				"${PODS_ROOT}/Manifest.lock",
			);
			name = "[CP] Check Pods Manifest.lock";
			outputFileListPaths = (
			);
			outputPaths = (
				"$(DERIVED_FILE_DIR)/Pods-CredlyDeveloperChallenge-checkManifestLockResult.txt",
			);
			runOnlyForDeploymentPostprocessing = 0;
			shellPath = /bin/sh;
			shellScript = "diff \"${PODS_PODFILE_DIR_PATH}/Podfile.lock\" \"${PODS_ROOT}/Manifest.lock\" > /dev/null\nif [ $? != 0 ] ; then\n    # print error to STDERR\n    echo \"error: The sandbox is not in sync with the Podfile.lock. Run 'pod install' or update your CocoaPods installation.\" >&2\n    exit 1\nfi\n# This output is used by Xcode 'outputs' to avoid re-running this script phase.\necho \"SUCCESS\" > \"${SCRIPT_OUTPUT_FILE_0}\"\n";
			showEnvVarsInLog = 0;
		};
		C2EE7ABA0A5A33D35FA80E51 /* [CP] Check Pods Manifest.lock */ = {
			isa = PBXShellScriptBuildPhase;
			buildActionMask = 2147483647;
			files = (
			);
			inputFileListPaths = (
			);
			inputPaths = (
				"${PODS_PODFILE_DIR_PATH}/Podfile.lock",
				"${PODS_ROOT}/Manifest.lock",
			);
			name = "[CP] Check Pods Manifest.lock";
			outputFileListPaths = (
			);
			outputPaths = (
				"$(DERIVED_FILE_DIR)/Pods-CredlyDeveloperChallengeTests-checkManifestLockResult.txt",
			);
			runOnlyForDeploymentPostprocessing = 0;
			shellPath = /bin/sh;
			shellScript = "diff \"${PODS_PODFILE_DIR_PATH}/Podfile.lock\" \"${PODS_ROOT}/Manifest.lock\" > /dev/null\nif [ $? != 0 ] ; then\n    # print error to STDERR\n    echo \"error: The sandbox is not in sync with the Podfile.lock. Run 'pod install' or update your CocoaPods installation.\" >&2\n    exit 1\nfi\n# This output is used by Xcode 'outputs' to avoid re-running this script phase.\necho \"SUCCESS\" > \"${SCRIPT_OUTPUT_FILE_0}\"\n";
			showEnvVarsInLog = 0;
		};
/* End PBXShellScriptBuildPhase section */

/* Begin PBXSourcesBuildPhase section */
		4CD2A16E29835D4200898EF4 /* Sources */ = {
			isa = PBXSourcesBuildPhase;
			buildActionMask = 2147483647;
			files = (
				4CD2A17629835D4200898EF4 /* AppDelegate.swift in Sources */,
				4C05DE7729876DE1001735B5 /* Styles.swift in Sources */,
				4C05DE702984D786001735B5 /* API.swift in Sources */,
				4CD2A17829835D4200898EF4 /* SceneDelegate.swift in Sources */,
				4C05DE6C2984D455001735B5 /* UserContact.swift in Sources */,
				4CD2A1A629835EF100898EF4 /* ContactsTableViewController.swift in Sources */,
				4C05DE722984E2CB001735B5 /* UserContactTableViewCell.swift in Sources */,
			);
			runOnlyForDeploymentPostprocessing = 0;
		};
		4CD2A18429835D4400898EF4 /* Sources */ = {
			isa = PBXSourcesBuildPhase;
			buildActionMask = 2147483647;
			files = (
				4CD2A18D29835D4400898EF4 /* CredlyDeveloperChallengeTests.swift in Sources */,
			);
			runOnlyForDeploymentPostprocessing = 0;
		};
		4CD2A18E29835D4400898EF4 /* Sources */ = {
			isa = PBXSourcesBuildPhase;
			buildActionMask = 2147483647;
			files = (
				4CD2A19929835D4400898EF4 /* CredlyDeveloperChallengeUITestsLaunchTests.swift in Sources */,
				4CD2A19729835D4400898EF4 /* CredlyDeveloperChallengeUITests.swift in Sources */,
			);
			runOnlyForDeploymentPostprocessing = 0;
		};
/* End PBXSourcesBuildPhase section */

/* Begin PBXTargetDependency section */
		4CD2A18A29835D4400898EF4 /* PBXTargetDependency */ = {
			isa = PBXTargetDependency;
			target = 4CD2A17129835D4200898EF4 /* CredlyDeveloperChallenge */;
			targetProxy = 4CD2A18929835D4400898EF4 /* PBXContainerItemProxy */;
		};
		4CD2A19429835D4400898EF4 /* PBXTargetDependency */ = {
			isa = PBXTargetDependency;
			target = 4CD2A17129835D4200898EF4 /* CredlyDeveloperChallenge */;
			targetProxy = 4CD2A19329835D4400898EF4 /* PBXContainerItemProxy */;
		};
/* End PBXTargetDependency section */

/* Begin PBXVariantGroup section */
		4CD2A17B29835D4200898EF4 /* Main.storyboard */ = {
			isa = PBXVariantGroup;
			children = (
				4CD2A17C29835D4200898EF4 /* Base */,
			);
			name = Main.storyboard;
			sourceTree = "<group>";
		};
		4CD2A18029835D4400898EF4 /* LaunchScreen.storyboard */ = {
			isa = PBXVariantGroup;
			children = (
				4CD2A18129835D4400898EF4 /* Base */,
			);
			name = LaunchScreen.storyboard;
			sourceTree = "<group>";
		};
/* End PBXVariantGroup section */

/* Begin XCBuildConfiguration section */
		4CD2A19A29835D4400898EF4 /* Debug */ = {
			isa = XCBuildConfiguration;
			buildSettings = {
				ALWAYS_SEARCH_USER_PATHS = NO;
				CLANG_ANALYZER_NONNULL = YES;
				CLANG_ANALYZER_NUMBER_OBJECT_CONVERSION = YES_AGGRESSIVE;
				CLANG_CXX_LANGUAGE_STANDARD = "gnu++20";
				CLANG_ENABLE_MODULES = YES;
				CLANG_ENABLE_OBJC_ARC = YES;
				CLANG_ENABLE_OBJC_WEAK = YES;
				CLANG_WARN_BLOCK_CAPTURE_AUTORELEASING = YES;
				CLANG_WARN_BOOL_CONVERSION = YES;
				CLANG_WARN_COMMA = YES;
				CLANG_WARN_CONSTANT_CONVERSION = YES;
				CLANG_WARN_DEPRECATED_OBJC_IMPLEMENTATIONS = YES;
				CLANG_WARN_DIRECT_OBJC_ISA_USAGE = YES_ERROR;
				CLANG_WARN_DOCUMENTATION_COMMENTS = YES;
				CLANG_WARN_EMPTY_BODY = YES;
				CLANG_WARN_ENUM_CONVERSION = YES;
				CLANG_WARN_INFINITE_RECURSION = YES;
				CLANG_WARN_INT_CONVERSION = YES;
				CLANG_WARN_NON_LITERAL_NULL_CONVERSION = YES;
				CLANG_WARN_OBJC_IMPLICIT_RETAIN_SELF = YES;
				CLANG_WARN_OBJC_LITERAL_CONVERSION = YES;
				CLANG_WARN_OBJC_ROOT_CLASS = YES_ERROR;
				CLANG_WARN_QUOTED_INCLUDE_IN_FRAMEWORK_HEADER = YES;
				CLANG_WARN_RANGE_LOOP_ANALYSIS = YES;
				CLANG_WARN_STRICT_PROTOTYPES = YES;
				CLANG_WARN_SUSPICIOUS_MOVE = YES;
				CLANG_WARN_UNGUARDED_AVAILABILITY = YES_AGGRESSIVE;
				CLANG_WARN_UNREACHABLE_CODE = YES;
				CLANG_WARN__DUPLICATE_METHOD_MATCH = YES;
				COPY_PHASE_STRIP = NO;
				DEBUG_INFORMATION_FORMAT = dwarf;
				ENABLE_STRICT_OBJC_MSGSEND = YES;
				ENABLE_TESTABILITY = YES;
				GCC_C_LANGUAGE_STANDARD = gnu11;
				GCC_DYNAMIC_NO_PIC = NO;
				GCC_NO_COMMON_BLOCKS = YES;
				GCC_OPTIMIZATION_LEVEL = 0;
				GCC_PREPROCESSOR_DEFINITIONS = (
					"DEBUG=1",
					"$(inherited)",
				);
				GCC_WARN_64_TO_32_BIT_CONVERSION = YES;
				GCC_WARN_ABOUT_RETURN_TYPE = YES_ERROR;
				GCC_WARN_UNDECLARED_SELECTOR = YES;
				GCC_WARN_UNINITIALIZED_AUTOS = YES_AGGRESSIVE;
				GCC_WARN_UNUSED_FUNCTION = YES;
				GCC_WARN_UNUSED_VARIABLE = YES;
				IPHONEOS_DEPLOYMENT_TARGET = 16.2;
				MTL_ENABLE_DEBUG_INFO = INCLUDE_SOURCE;
				MTL_FAST_MATH = YES;
				ONLY_ACTIVE_ARCH = YES;
				SDKROOT = iphoneos;
				SWIFT_ACTIVE_COMPILATION_CONDITIONS = DEBUG;
				SWIFT_OPTIMIZATION_LEVEL = "-Onone";
			};
			name = Debug;
		};
		4CD2A19B29835D4400898EF4 /* Release */ = {
			isa = XCBuildConfiguration;
			buildSettings = {
				ALWAYS_SEARCH_USER_PATHS = NO;
				CLANG_ANALYZER_NONNULL = YES;
				CLANG_ANALYZER_NUMBER_OBJECT_CONVERSION = YES_AGGRESSIVE;
				CLANG_CXX_LANGUAGE_STANDARD = "gnu++20";
				CLANG_ENABLE_MODULES = YES;
				CLANG_ENABLE_OBJC_ARC = YES;
				CLANG_ENABLE_OBJC_WEAK = YES;
				CLANG_WARN_BLOCK_CAPTURE_AUTORELEASING = YES;
				CLANG_WARN_BOOL_CONVERSION = YES;
				CLANG_WARN_COMMA = YES;
				CLANG_WARN_CONSTANT_CONVERSION = YES;
				CLANG_WARN_DEPRECATED_OBJC_IMPLEMENTATIONS = YES;
				CLANG_WARN_DIRECT_OBJC_ISA_USAGE = YES_ERROR;
				CLANG_WARN_DOCUMENTATION_COMMENTS = YES;
				CLANG_WARN_EMPTY_BODY = YES;
				CLANG_WARN_ENUM_CONVERSION = YES;
				CLANG_WARN_INFINITE_RECURSION = YES;
				CLANG_WARN_INT_CONVERSION = YES;
				CLANG_WARN_NON_LITERAL_NULL_CONVERSION = YES;
				CLANG_WARN_OBJC_IMPLICIT_RETAIN_SELF = YES;
				CLANG_WARN_OBJC_LITERAL_CONVERSION = YES;
				CLANG_WARN_OBJC_ROOT_CLASS = YES_ERROR;
				CLANG_WARN_QUOTED_INCLUDE_IN_FRAMEWORK_HEADER = YES;
				CLANG_WARN_RANGE_LOOP_ANALYSIS = YES;
				CLANG_WARN_STRICT_PROTOTYPES = YES;
				CLANG_WARN_SUSPICIOUS_MOVE = YES;
				CLANG_WARN_UNGUARDED_AVAILABILITY = YES_AGGRESSIVE;
				CLANG_WARN_UNREACHABLE_CODE = YES;
				CLANG_WARN__DUPLICATE_METHOD_MATCH = YES;
				COPY_PHASE_STRIP = NO;
				DEBUG_INFORMATION_FORMAT = "dwarf-with-dsym";
				ENABLE_NS_ASSERTIONS = NO;
				ENABLE_STRICT_OBJC_MSGSEND = YES;
				GCC_C_LANGUAGE_STANDARD = gnu11;
				GCC_NO_COMMON_BLOCKS = YES;
				GCC_WARN_64_TO_32_BIT_CONVERSION = YES;
				GCC_WARN_ABOUT_RETURN_TYPE = YES_ERROR;
				GCC_WARN_UNDECLARED_SELECTOR = YES;
				GCC_WARN_UNINITIALIZED_AUTOS = YES_AGGRESSIVE;
				GCC_WARN_UNUSED_FUNCTION = YES;
				GCC_WARN_UNUSED_VARIABLE = YES;
				IPHONEOS_DEPLOYMENT_TARGET = 16.2;
				MTL_ENABLE_DEBUG_INFO = NO;
				MTL_FAST_MATH = YES;
				SDKROOT = iphoneos;
				SWIFT_COMPILATION_MODE = wholemodule;
				SWIFT_OPTIMIZATION_LEVEL = "-O";
				VALIDATE_PRODUCT = YES;
			};
			name = Release;
		};
		4CD2A19D29835D4400898EF4 /* Debug */ = {
			isa = XCBuildConfiguration;
			baseConfigurationReference = C72A1F88550A581278DCFBCD /* Pods-CredlyDeveloperChallenge.debug.xcconfig */;
			buildSettings = {
				ASSETCATALOG_COMPILER_APPICON_NAME = AppIcon;
				ASSETCATALOG_COMPILER_GLOBAL_ACCENT_COLOR_NAME = AccentColor;
				CODE_SIGN_STYLE = Automatic;
				CURRENT_PROJECT_VERSION = 1;
				DEVELOPMENT_TEAM = NXQBD8W8TS;
				GENERATE_INFOPLIST_FILE = YES;
				INFOPLIST_FILE = CredlyDeveloperChallenge/Info.plist;
				INFOPLIST_KEY_UIApplicationSupportsIndirectInputEvents = YES;
				INFOPLIST_KEY_UILaunchStoryboardName = LaunchScreen;
				INFOPLIST_KEY_UIMainStoryboardFile = Main;
				INFOPLIST_KEY_UISupportedInterfaceOrientations_iPad = "UIInterfaceOrientationPortrait UIInterfaceOrientationPortraitUpsideDown UIInterfaceOrientationLandscapeLeft UIInterfaceOrientationLandscapeRight";
				INFOPLIST_KEY_UISupportedInterfaceOrientations_iPhone = "UIInterfaceOrientationPortrait UIInterfaceOrientationLandscapeLeft UIInterfaceOrientationLandscapeRight";
				LD_RUNPATH_SEARCH_PATHS = (
					"$(inherited)",
					"@executable_path/Frameworks",
				);
				MARKETING_VERSION = 1.0;
				PRODUCT_BUNDLE_IDENTIFIER = com.MichaelSweeney.CredlyDeveloperChallenge;
				PRODUCT_NAME = "$(TARGET_NAME)";
				SWIFT_EMIT_LOC_STRINGS = YES;
				SWIFT_VERSION = 5.0;
				TARGETED_DEVICE_FAMILY = "1,2";
			};
			name = Debug;
		};
		4CD2A19E29835D4400898EF4 /* Release */ = {
			isa = XCBuildConfiguration;
			baseConfigurationReference = 038BEB7C46201A1B9CA40A1C /* Pods-CredlyDeveloperChallenge.release.xcconfig */;
			buildSettings = {
				ASSETCATALOG_COMPILER_APPICON_NAME = AppIcon;
				ASSETCATALOG_COMPILER_GLOBAL_ACCENT_COLOR_NAME = AccentColor;
				CODE_SIGN_STYLE = Automatic;
				CURRENT_PROJECT_VERSION = 1;
				DEVELOPMENT_TEAM = NXQBD8W8TS;
				GENERATE_INFOPLIST_FILE = YES;
				INFOPLIST_FILE = CredlyDeveloperChallenge/Info.plist;
				INFOPLIST_KEY_UIApplicationSupportsIndirectInputEvents = YES;
				INFOPLIST_KEY_UILaunchStoryboardName = LaunchScreen;
				INFOPLIST_KEY_UIMainStoryboardFile = Main;
				INFOPLIST_KEY_UISupportedInterfaceOrientations_iPad = "UIInterfaceOrientationPortrait UIInterfaceOrientationPortraitUpsideDown UIInterfaceOrientationLandscapeLeft UIInterfaceOrientationLandscapeRight";
				INFOPLIST_KEY_UISupportedInterfaceOrientations_iPhone = "UIInterfaceOrientationPortrait UIInterfaceOrientationLandscapeLeft UIInterfaceOrientationLandscapeRight";
				LD_RUNPATH_SEARCH_PATHS = (
					"$(inherited)",
					"@executable_path/Frameworks",
				);
				MARKETING_VERSION = 1.0;
				PRODUCT_BUNDLE_IDENTIFIER = com.MichaelSweeney.CredlyDeveloperChallenge;
				PRODUCT_NAME = "$(TARGET_NAME)";
				SWIFT_EMIT_LOC_STRINGS = YES;
				SWIFT_VERSION = 5.0;
				TARGETED_DEVICE_FAMILY = "1,2";
			};
			name = Release;
		};
		4CD2A1A029835D4400898EF4 /* Debug */ = {
			isa = XCBuildConfiguration;
			baseConfigurationReference = C66C93896852111BAACF791E /* Pods-CredlyDeveloperChallengeTests.debug.xcconfig */;
			buildSettings = {
				BUNDLE_LOADER = "$(TEST_HOST)";
				CODE_SIGN_STYLE = Automatic;
				CURRENT_PROJECT_VERSION = 1;
				DEVELOPMENT_TEAM = NXQBD8W8TS;
				GENERATE_INFOPLIST_FILE = YES;
				IPHONEOS_DEPLOYMENT_TARGET = 16.2;
				MARKETING_VERSION = 1.0;
				PRODUCT_BUNDLE_IDENTIFIER = com.MichaelSweeney.CredlyDeveloperChallengeTests;
				PRODUCT_NAME = "$(TARGET_NAME)";
				SWIFT_EMIT_LOC_STRINGS = NO;
				SWIFT_VERSION = 5.0;
				TARGETED_DEVICE_FAMILY = "1,2";
				TEST_HOST = "$(BUILT_PRODUCTS_DIR)/CredlyDeveloperChallenge.app/$(BUNDLE_EXECUTABLE_FOLDER_PATH)/CredlyDeveloperChallenge";
			};
			name = Debug;
		};
		4CD2A1A129835D4400898EF4 /* Release */ = {
			isa = XCBuildConfiguration;
			baseConfigurationReference = 993A577C78ECC2289FB5C112 /* Pods-CredlyDeveloperChallengeTests.release.xcconfig */;
			buildSettings = {
				BUNDLE_LOADER = "$(TEST_HOST)";
				CODE_SIGN_STYLE = Automatic;
				CURRENT_PROJECT_VERSION = 1;
				DEVELOPMENT_TEAM = NXQBD8W8TS;
				GENERATE_INFOPLIST_FILE = YES;
				IPHONEOS_DEPLOYMENT_TARGET = 16.2;
				MARKETING_VERSION = 1.0;
				PRODUCT_BUNDLE_IDENTIFIER = com.MichaelSweeney.CredlyDeveloperChallengeTests;
				PRODUCT_NAME = "$(TARGET_NAME)";
				SWIFT_EMIT_LOC_STRINGS = NO;
				SWIFT_VERSION = 5.0;
				TARGETED_DEVICE_FAMILY = "1,2";
				TEST_HOST = "$(BUILT_PRODUCTS_DIR)/CredlyDeveloperChallenge.app/$(BUNDLE_EXECUTABLE_FOLDER_PATH)/CredlyDeveloperChallenge";
			};
			name = Release;
		};
		4CD2A1A329835D4400898EF4 /* Debug */ = {
			isa = XCBuildConfiguration;
			baseConfigurationReference = 92053BA1580D72FC98FDC2A9 /* Pods-CredlyDeveloperChallenge-CredlyDeveloperChallengeUITests.debug.xcconfig */;
			buildSettings = {
				CODE_SIGN_STYLE = Automatic;
				CURRENT_PROJECT_VERSION = 1;
				DEVELOPMENT_TEAM = NXQBD8W8TS;
				GENERATE_INFOPLIST_FILE = YES;
				MARKETING_VERSION = 1.0;
				PRODUCT_BUNDLE_IDENTIFIER = com.MichaelSweeney.CredlyDeveloperChallengeUITests;
				PRODUCT_NAME = "$(TARGET_NAME)";
				SWIFT_EMIT_LOC_STRINGS = NO;
				SWIFT_VERSION = 5.0;
				TARGETED_DEVICE_FAMILY = "1,2";
				TEST_TARGET_NAME = CredlyDeveloperChallenge;
			};
			name = Debug;
		};
		4CD2A1A429835D4400898EF4 /* Release */ = {
			isa = XCBuildConfiguration;
			baseConfigurationReference = 0D38BC4D4983FA1B417D82B4 /* Pods-CredlyDeveloperChallenge-CredlyDeveloperChallengeUITests.release.xcconfig */;
			buildSettings = {
				CODE_SIGN_STYLE = Automatic;
				CURRENT_PROJECT_VERSION = 1;
				DEVELOPMENT_TEAM = NXQBD8W8TS;
				GENERATE_INFOPLIST_FILE = YES;
				MARKETING_VERSION = 1.0;
				PRODUCT_BUNDLE_IDENTIFIER = com.MichaelSweeney.CredlyDeveloperChallengeUITests;
				PRODUCT_NAME = "$(TARGET_NAME)";
				SWIFT_EMIT_LOC_STRINGS = NO;
				SWIFT_VERSION = 5.0;
				TARGETED_DEVICE_FAMILY = "1,2";
				TEST_TARGET_NAME = CredlyDeveloperChallenge;
			};
			name = Release;
		};
/* End XCBuildConfiguration section */

/* Begin XCConfigurationList section */
		4CD2A16D29835D4200898EF4 /* Build configuration list for PBXProject "CredlyDeveloperChallenge" */ = {
			isa = XCConfigurationList;
			buildConfigurations = (
				4CD2A19A29835D4400898EF4 /* Debug */,
				4CD2A19B29835D4400898EF4 /* Release */,
			);
			defaultConfigurationIsVisible = 0;
			defaultConfigurationName = Release;
		};
		4CD2A19C29835D4400898EF4 /* Build configuration list for PBXNativeTarget "CredlyDeveloperChallenge" */ = {
			isa = XCConfigurationList;
			buildConfigurations = (
				4CD2A19D29835D4400898EF4 /* Debug */,
				4CD2A19E29835D4400898EF4 /* Release */,
			);
			defaultConfigurationIsVisible = 0;
			defaultConfigurationName = Release;
		};
		4CD2A19F29835D4400898EF4 /* Build configuration list for PBXNativeTarget "CredlyDeveloperChallengeTests" */ = {
			isa = XCConfigurationList;
			buildConfigurations = (
				4CD2A1A029835D4400898EF4 /* Debug */,
				4CD2A1A129835D4400898EF4 /* Release */,
			);
			defaultConfigurationIsVisible = 0;
			defaultConfigurationName = Release;
		};
		4CD2A1A229835D4400898EF4 /* Build configuration list for PBXNativeTarget "CredlyDeveloperChallengeUITests" */ = {
			isa = XCConfigurationList;
			buildConfigurations = (
				4CD2A1A329835D4400898EF4 /* Debug */,
				4CD2A1A429835D4400898EF4 /* Release */,
			);
			defaultConfigurationIsVisible = 0;
			defaultConfigurationName = Release;
		};
/* End XCConfigurationList section */
	};
	rootObject = 4CD2A16A29835D4200898EF4 /* Project object */;
}
